
Microsoft Visual Studio Solution File, Format Version 12.00
# Visual Studio Version 17
VisualStudioVersion = 17.5.33516.290
MinimumVisualStudioVersion = 10.0.40219.1
Project("{9A19103F-16F7-4668-BE54-9A1E7A4F7556}") = "01-HelloWorld", "01-HelloWorld\01-HelloWorld.csproj", "{30B8B3F1-A304-4EA5-9EFF-27E61F8A0AB8}"
	ProjectSection(ProjectDependencies) = postProject
		{75D7A21F-953D-49DE-8304-65C842294535} = {75D7A21F-953D-49DE-8304-65C842294535}
	EndProjectSection
EndProject
Project("{9A19103F-16F7-4668-BE54-9A1E7A4F7556}") = "02-Variables", "02-Variables\02-Variables.csproj", "{75D7A21F-953D-49DE-8304-65C842294535}"
EndProject
Project("{9A19103F-16F7-4668-BE54-9A1E7A4F7556}") = "03-FloatingPointVariables", "03-FloatingPointVariables\03-FloatingPointVariables.csproj", "{8219C6F1-C4B0-44CA-B224-D0085A22BF2D}"
EndProject
Project("{9A19103F-16F7-4668-BE54-9A1E7A4F7556}") = "04-VariablesConversion", "04-VariablesConversion\04-VariablesConversion.csproj", "{DBD91FA4-1F5F-4D64-8370-E3C8BB423152}"
EndProject
Project("{9A19103F-16F7-4668-BE54-9A1E7A4F7556}") = "05-CharactersAndStrings", "05-CharactersAndStrings\05-CharactersAndStrings.csproj", "{2BCE1BC2-19FC-45E1-AFEC-E4C305D2532D}"
EndProject
Project("{9A19103F-16F7-4668-BE54-9A1E7A4F7556}") = "06-VariablesAttributionsConcept", "06-VariablesAttributionsConcept\06-VariablesAttributionsConcept.csproj", "{13BC8123-0ECB-4630-9028-6443C6BC3CA0}"
EndProject
Project("{FAE04EC0-301F-11D3-BF4B-00C04F79EFBC}") = "07-ConditionalStatements", "07-ConditionalStatements\07-ConditionalStatements.csproj", "{51F827AC-C679-408A-8365-DC2792FD2AF3}"
EndProject
Project("{FAE04EC0-301F-11D3-BF4B-00C04F79EFBC}") = "08-BooleanConditionals", "08-BooleanConditionals\08-BooleanConditionals.csproj", "{EBCD8490-B487-42E3-9DE2-78CC7E44DF7F}"
EndProject
Project("{FAE04EC0-301F-11D3-BF4B-00C04F79EFBC}") = "09-ProjectScope", "09-ProjectScope\09-ProjectScope.csproj", "{B5C470CD-318B-4A4E-B81B-73201802EE7F}"
EndProject
Global
	GlobalSection(SolutionConfigurationPlatforms) = preSolution
		Debug|Any CPU = Debug|Any CPU
		Release|Any CPU = Release|Any CPU
	EndGlobalSection
	GlobalSection(ProjectConfigurationPlatforms) = postSolution
		{30B8B3F1-A304-4EA5-9EFF-27E61F8A0AB8}.Debug|Any CPU.ActiveCfg = Debug|Any CPU
		{30B8B3F1-A304-4EA5-9EFF-27E61F8A0AB8}.Debug|Any CPU.Build.0 = Debug|Any CPU
		{30B8B3F1-A304-4EA5-9EFF-27E61F8A0AB8}.Release|Any CPU.ActiveCfg = Release|Any CPU
		{30B8B3F1-A304-4EA5-9EFF-27E61F8A0AB8}.Release|Any CPU.Build.0 = Release|Any CPU
		{75D7A21F-953D-49DE-8304-65C842294535}.Debug|Any CPU.ActiveCfg = Debug|Any CPU
		{75D7A21F-953D-49DE-8304-65C842294535}.Debug|Any CPU.Build.0 = Debug|Any CPU
		{75D7A21F-953D-49DE-8304-65C842294535}.Release|Any CPU.ActiveCfg = Release|Any CPU
		{75D7A21F-953D-49DE-8304-65C842294535}.Release|Any CPU.Build.0 = Release|Any CPU
		{8219C6F1-C4B0-44CA-B224-D0085A22BF2D}.Debug|Any CPU.ActiveCfg = Debug|Any CPU
		{8219C6F1-C4B0-44CA-B224-D0085A22BF2D}.Debug|Any CPU.Build.0 = Debug|Any CPU
		{8219C6F1-C4B0-44CA-B224-D0085A22BF2D}.Release|Any CPU.ActiveCfg = Release|Any CPU
		{8219C6F1-C4B0-44CA-B224-D0085A22BF2D}.Release|Any CPU.Build.0 = Release|Any CPU
		{DBD91FA4-1F5F-4D64-8370-E3C8BB423152}.Debug|Any CPU.ActiveCfg = Debug|Any CPU
		{DBD91FA4-1F5F-4D64-8370-E3C8BB423152}.Debug|Any CPU.Build.0 = Debug|Any CPU
		{DBD91FA4-1F5F-4D64-8370-E3C8BB423152}.Release|Any CPU.ActiveCfg = Release|Any CPU
		{DBD91FA4-1F5F-4D64-8370-E3C8BB423152}.Release|Any CPU.Build.0 = Release|Any CPU
		{2BCE1BC2-19FC-45E1-AFEC-E4C305D2532D}.Debug|Any CPU.ActiveCfg = Debug|Any CPU
		{2BCE1BC2-19FC-45E1-AFEC-E4C305D2532D}.Debug|Any CPU.Build.0 = Debug|Any CPU
		{2BCE1BC2-19FC-45E1-AFEC-E4C305D2532D}.Release|Any CPU.ActiveCfg = Release|Any CPU
		{2BCE1BC2-19FC-45E1-AFEC-E4C305D2532D}.Release|Any CPU.Build.0 = Release|Any CPU
		{13BC8123-0ECB-4630-9028-6443C6BC3CA0}.Debug|Any CPU.ActiveCfg = Debug|Any CPU
		{13BC8123-0ECB-4630-9028-6443C6BC3CA0}.Debug|Any CPU.Build.0 = Debug|Any CPU
		{13BC8123-0ECB-4630-9028-6443C6BC3CA0}.Release|Any CPU.ActiveCfg = Release|Any CPU
		{13BC8123-0ECB-4630-9028-6443C6BC3CA0}.Release|Any CPU.Build.0 = Release|Any CPU
		{51F827AC-C679-408A-8365-DC2792FD2AF3}.Debug|Any CPU.ActiveCfg = Debug|Any CPU
		{51F827AC-C679-408A-8365-DC2792FD2AF3}.Debug|Any CPU.Build.0 = Debug|Any CPU
		{51F827AC-C679-408A-8365-DC2792FD2AF3}.Release|Any CPU.ActiveCfg = Release|Any CPU
		{51F827AC-C679-408A-8365-DC2792FD2AF3}.Release|Any CPU.Build.0 = Release|Any CPU
		{EBCD8490-B487-42E3-9DE2-78CC7E44DF7F}.Debug|Any CPU.ActiveCfg = Debug|Any CPU
		{EBCD8490-B487-42E3-9DE2-78CC7E44DF7F}.Debug|Any CPU.Build.0 = Debug|Any CPU
		{EBCD8490-B487-42E3-9DE2-78CC7E44DF7F}.Release|Any CPU.ActiveCfg = Release|Any CPU
		{EBCD8490-B487-42E3-9DE2-78CC7E44DF7F}.Release|Any CPU.Build.0 = Release|Any CPU
		{B5C470CD-318B-4A4E-B81B-73201802EE7F}.Debug|Any CPU.ActiveCfg = Debug|Any CPU
		{B5C470CD-318B-4A4E-B81B-73201802EE7F}.Debug|Any CPU.Build.0 = Debug|Any CPU
		{B5C470CD-318B-4A4E-B81B-73201802EE7F}.Release|Any CPU.ActiveCfg = Release|Any CPU
		{B5C470CD-318B-4A4E-B81B-73201802EE7F}.Release|Any CPU.Build.0 = Release|Any CPU
	EndGlobalSection
	GlobalSection(SolutionProperties) = preSolution
		HideSolutionNode = FALSE
	EndGlobalSection
	GlobalSection(ExtensibilityGlobals) = postSolution
		SolutionGuid = {E12E15C1-8208-4516-9FC8-B2762C1FBA48}
	EndGlobalSection
EndGlobal
