
Microsoft Visual Studio Solution File, Format Version 12.00
# Visual Studio Version 17
VisualStudioVersion = 17.5.33516.290
MinimumVisualStudioVersion = 10.0.40219.1
Project("{9A19103F-16F7-4668-BE54-9A1E7A4F7556}") = "01-HelloWorld", "01-HelloWorld\01-HelloWorld.csproj", "{30B8B3F1-A304-4EA5-9EFF-27E61F8A0AB8}"
	ProjectSection(ProjectDependencies) = postProject
		{75D7A21F-953D-49DE-8304-65C842294535} = {75D7A21F-953D-49DE-8304-65C842294535}
	EndProjectSection
EndProject
Project("{FAE04EC0-301F-11D3-BF4B-00C04F79EFBC}") = "02-Variables", "02-Variables\02-Variables.csproj", "{75D7A21F-953D-49DE-8304-65C842294535}"
EndProject
Global
	GlobalSection(SolutionConfigurationPlatforms) = preSolution
		Debug|Any CPU = Debug|Any CPU
		Release|Any CPU = Release|Any CPU
	EndGlobalSection
	GlobalSection(ProjectConfigurationPlatforms) = postSolution
		{30B8B3F1-A304-4EA5-9EFF-27E61F8A0AB8}.Debug|Any CPU.ActiveCfg = Debug|Any CPU
		{30B8B3F1-A304-4EA5-9EFF-27E61F8A0AB8}.Debug|Any CPU.Build.0 = Debug|Any CPU
		{30B8B3F1-A304-4EA5-9EFF-27E61F8A0AB8}.Release|Any CPU.ActiveCfg = Release|Any CPU
		{30B8B3F1-A304-4EA5-9EFF-27E61F8A0AB8}.Release|Any CPU.Build.0 = Release|Any CPU
		{75D7A21F-953D-49DE-8304-65C842294535}.Debug|Any CPU.ActiveCfg = Debug|Any CPU
		{75D7A21F-953D-49DE-8304-65C842294535}.Debug|Any CPU.Build.0 = Debug|Any CPU
		{75D7A21F-953D-49DE-8304-65C842294535}.Release|Any CPU.ActiveCfg = Release|Any CPU
		{75D7A21F-953D-49DE-8304-65C842294535}.Release|Any CPU.Build.0 = Release|Any CPU
	EndGlobalSection
	GlobalSection(SolutionProperties) = preSolution
		HideSolutionNode = FALSE
	EndGlobalSection
	GlobalSection(ExtensibilityGlobals) = postSolution
		SolutionGuid = {E12E15C1-8208-4516-9FC8-B2762C1FBA48}
	EndGlobalSection
EndGlobal
